Microsoft Visual Studio Solution File, Format Version 12.00
# Visual Studio 14
VisualStudioVersion = 14.0.25420.1
MinimumVisualStudioVersion = 10.0.40219.1
Project("{2150E333-8FDC-42A3-9474-1A3956D46DE8}") = "Document", "Document", "{EEF2962F-B6C6-4981-AACB-970D2D51B775}"
	ProjectSection(SolutionItems) = preProject
		Document\Copyright.txt = Document\Copyright.txt
		Document\Examples.txt = Document\Examples.txt
		Document\Readme-Building.txt = Document\Readme-Building.txt
		Document\Readme.txt = Document\Readme.txt
	EndProjectSection
EndProject
Project("{2150E333-8FDC-42A3-9474-1A3956D46DE8}") = "Examples", "Examples", "{4D2DEFE3-BC8E-4948-9B2D-38A5A6C39860}"
	ProjectSection(SolutionItems) = preProject
		Document\Examples\debug.py = Document\Examples\debug.py
		Document\Examples\debug2.py = Document\Examples\debug2.py
		Document\Examples\debug3.py = Document\Examples\debug3.py
		Document\Examples\PyDbgToy.py = Document\Examples\PyDbgToy.py
	EndProjectSection
EndProject
Project("{2150E333-8FDC-42A3-9474-1A3956D46DE8}") = "Archived", "Archived", "{A4E7FCBF-B01A-4B99-9E17-8D5789A88F57}"
	ProjectSection(SolutionItems) = preProject
		Document\Attic\ChangeLog.txt = Document\Attic\ChangeLog.txt
		Document\Attic\FAQ.txt = Document\Attic\FAQ.txt
		Document\Attic\HowToBuild.txt = Document\Attic\HowToBuild.txt
		Document\Attic\Readme-PyDbgEng.txt = Document\Attic\Readme-PyDbgEng.txt
	EndProjectSection
EndProject
Project("{8BC9CEB8-8B4A-11D0-8D11-00A0C91BC942}") = "_PyDbgEng", "Source\_PyDbgEng.vcxproj", "{1E82557C-EAF5-402A-B21D-44EF7F6379B6}"
EndProject
Project("{8BC9CEB8-8B4A-11D0-8D11-00A0C91BC942}") = "PyDbgExt", "Source\PyDbgExt.vcxproj", "{55939FC5-3CF3-4B96-99E5-2230B430D78A}"
EndProject
Project("{8BC9CEB8-8B4A-11D0-8D11-00A0C91BC942}") = "Python", "Source\Python.vcxproj", "{788985FC-73AB-44E5-8DC2-1011A011EEE0}"
EndProject
Global
	GlobalSection(SolutionConfigurationPlatforms) = preSolution
		Debug|x64 = Debug|x64
		Debug|x86 = Debug|x86
		Release|x64 = Release|x64
		Release|x86 = Release|x86
	EndGlobalSection
	GlobalSection(ProjectConfigurationPlatforms) = postSolution
		{1E82557C-EAF5-402A-B21D-44EF7F6379B6}.Debug|x64.ActiveCfg = Debug|Win32
		{1E82557C-EAF5-402A-B21D-44EF7F6379B6}.Debug|x86.ActiveCfg = Debug|Win32
		{1E82557C-EAF5-402A-B21D-44EF7F6379B6}.Debug|x86.Build.0 = Debug|Win32
		{1E82557C-EAF5-402A-B21D-44EF7F6379B6}.Release|x64.ActiveCfg = Release|Win32
		{1E82557C-EAF5-402A-B21D-44EF7F6379B6}.Release|x86.ActiveCfg = Release|Win32
		{1E82557C-EAF5-402A-B21D-44EF7F6379B6}.Release|x86.Build.0 = Release|Win32
		{55939FC5-3CF3-4B96-99E5-2230B430D78A}.Debug|x64.ActiveCfg = Debug|Win32
		{55939FC5-3CF3-4B96-99E5-2230B430D78A}.Debug|x86.ActiveCfg = Debug|Win32
		{55939FC5-3CF3-4B96-99E5-2230B430D78A}.Debug|x86.Build.0 = Debug|Win32
		{55939FC5-3CF3-4B96-99E5-2230B430D78A}.Release|x64.ActiveCfg = Release|Win32
		{55939FC5-3CF3-4B96-99E5-2230B430D78A}.Release|x86.ActiveCfg = Release|Win32
		{55939FC5-3CF3-4B96-99E5-2230B430D78A}.Release|x86.Build.0 = Release|Win32
		{788985FC-73AB-44E5-8DC2-1011A011EEE0}.Debug|x64.ActiveCfg = Debug|x64
		{788985FC-73AB-44E5-8DC2-1011A011EEE0}.Debug|x64.Build.0 = Debug|x64
		{788985FC-73AB-44E5-8DC2-1011A011EEE0}.Debug|x86.ActiveCfg = Debug|Win32
		{788985FC-73AB-44E5-8DC2-1011A011EEE0}.Debug|x86.Build.0 = Debug|Win32
		{788985FC-73AB-44E5-8DC2-1011A011EEE0}.Release|x64.ActiveCfg = Release|x64
		{788985FC-73AB-44E5-8DC2-1011A011EEE0}.Release|x64.Build.0 = Release|x64
		{788985FC-73AB-44E5-8DC2-1011A011EEE0}.Release|x86.ActiveCfg = Release|Win32
		{788985FC-73AB-44E5-8DC2-1011A011EEE0}.Release|x86.Build.0 = Release|Win32
	EndGlobalSection
	GlobalSection(SolutionProperties) = preSolution
		HideSolutionNode = FALSE
	EndGlobalSection
	GlobalSection(NestedProjects) = preSolution
		{4D2DEFE3-BC8E-4948-9B2D-38A5A6C39860} = {EEF2962F-B6C6-4981-AACB-970D2D51B775}
		{A4E7FCBF-B01A-4B99-9E17-8D5789A88F57} = {EEF2962F-B6C6-4981-AACB-970D2D51B775}
	EndGlobalSection
	GlobalSection(DPCodeReviewSolutionGUID) = preSolution
		DPCodeReviewSolutionGUID = {00000000-0000-0000-0000-000000000000}
	EndGlobalSection
EndGlobal
