Microsoft Visual Studio Solution File, Format Version 11.00
# Visual Studio 2010
Project("{2150E333-8FDC-42A3-9474-1A3956D46DE8}") = "Document", "Document", "{EEF2962F-B6C6-4981-AACB-970D2D51B775}"
	ProjectSection(SolutionItems) = preProject
		Document\Copyright.txt = Document\Copyright.txt
		Document\Examples.txt = Document\Examples.txt
		Document\Readme-Building.txt = Document\Readme-Building.txt
		Document\Readme.txt = Document\Readme.txt
	EndProjectSection
	ProjectSection(WebsiteProperties) = preProject
		Debug.AspNetCompiler.Debug = "True"
		Release.AspNetCompiler.Debug = "False"
	EndProjectSection
EndProject
Project("{2150E333-8FDC-42A3-9474-1A3956D46DE8}") = "Examples", "Examples", "{4D2DEFE3-BC8E-4948-9B2D-38A5A6C39860}"
	ProjectSection(SolutionItems) = preProject
		Document\Examples\debug.py = Document\Examples\debug.py
		Document\Examples\debug2.py = Document\Examples\debug2.py
		Document\Examples\debug3.py = Document\Examples\debug3.py
		Document\Examples\PyDbgToy.py = Document\Examples\PyDbgToy.py
	EndProjectSection
EndProject
Project("{2150E333-8FDC-42A3-9474-1A3956D46DE8}") = "Archived", "Archived", "{A4E7FCBF-B01A-4B99-9E17-8D5789A88F57}"
	ProjectSection(SolutionItems) = preProject
		Document\Attic\ChangeLog.txt = Document\Attic\ChangeLog.txt
		Document\Attic\FAQ.txt = Document\Attic\FAQ.txt
		Document\Attic\HowToBuild.txt = Document\Attic\HowToBuild.txt
		Document\Attic\Readme-PyDbgEng.txt = Document\Attic\Readme-PyDbgEng.txt
	EndProjectSection
EndProject
Project("{8BC9CEB8-8B4A-11D0-8D11-00A0C91BC942}") = "PyDbgEng", "Source\PyDbgEng\PyDbgEng.vcxproj", "{1E82557C-EAF5-402A-B21D-44EF7F6379B6}"
	ProjectSection(WebsiteProperties) = preProject
		Debug.AspNetCompiler.Debug = "True"
		Release.AspNetCompiler.Debug = "False"
	EndProjectSection
EndProject
Project("{8BC9CEB8-8B4A-11D0-8D11-00A0C91BC942}") = "PyDbgExt", "Source\PyDbgExt\PyDbgExt.vcxproj", "{55939FC5-3CF3-4B96-99E5-2230B430D78A}"
	ProjectSection(WebsiteProperties) = preProject
		Debug.AspNetCompiler.Debug = "True"
		Release.AspNetCompiler.Debug = "False"
	EndProjectSection
EndProject
Project("{8BC9CEB8-8B4A-11D0-8D11-00A0C91BC942}") = "Script", "Source\Script\Script.vcxproj", "{788985FC-73AB-44E5-8DC2-1011A011EEE0}"
	ProjectSection(WebsiteProperties) = preProject
		Debug.AspNetCompiler.Debug = "True"
		Release.AspNetCompiler.Debug = "False"
	EndProjectSection
EndProject
Global
	GlobalSection(SolutionConfigurationPlatforms) = preSolution
		Debug|Win32 = Debug|Win32
		Release|Win32 = Release|Win32
	EndGlobalSection
	GlobalSection(ProjectConfigurationPlatforms) = postSolution
		{1E82557C-EAF5-402A-B21D-44EF7F6379B6}.Debug|Win32.ActiveCfg = Debug|Win32
		{1E82557C-EAF5-402A-B21D-44EF7F6379B6}.Debug|Win32.Build.0 = Debug|Win32
		{1E82557C-EAF5-402A-B21D-44EF7F6379B6}.Release|Win32.ActiveCfg = Release|Win32
		{1E82557C-EAF5-402A-B21D-44EF7F6379B6}.Release|Win32.Build.0 = Release|Win32
		{55939FC5-3CF3-4B96-99E5-2230B430D78A}.Debug|Win32.ActiveCfg = Debug|Win32
		{55939FC5-3CF3-4B96-99E5-2230B430D78A}.Debug|Win32.Build.0 = Debug|Win32
		{55939FC5-3CF3-4B96-99E5-2230B430D78A}.Release|Win32.ActiveCfg = Release|Win32
		{55939FC5-3CF3-4B96-99E5-2230B430D78A}.Release|Win32.Build.0 = Release|Win32
		{788985FC-73AB-44E5-8DC2-1011A011EEE0}.Debug|Win32.ActiveCfg = Debug|Win32
		{788985FC-73AB-44E5-8DC2-1011A011EEE0}.Debug|Win32.Build.0 = Debug|Win32
		{788985FC-73AB-44E5-8DC2-1011A011EEE0}.Release|Win32.ActiveCfg = Release|Win32
		{788985FC-73AB-44E5-8DC2-1011A011EEE0}.Release|Win32.Build.0 = Release|Win32
	EndGlobalSection
	GlobalSection(SolutionProperties) = preSolution
		HideSolutionNode = FALSE
	EndGlobalSection
	GlobalSection(NestedProjects) = preSolution
		{4D2DEFE3-BC8E-4948-9B2D-38A5A6C39860} = {EEF2962F-B6C6-4981-AACB-970D2D51B775}
		{A4E7FCBF-B01A-4B99-9E17-8D5789A88F57} = {EEF2962F-B6C6-4981-AACB-970D2D51B775}
	EndGlobalSection
	GlobalSection(DPCodeReviewSolutionGUID) = preSolution
		DPCodeReviewSolutionGUID = {00000000-0000-0000-0000-000000000000}
	EndGlobalSection
EndGlobal
