<?xml version="1.0" encoding="utf-8"?>
<Project ToolsVersion="4.0" xmlns="http://schemas.microsoft.com/developer/msbuild/2003">
  <ItemGroup>
    <Filter Include="Source Files">
      <UniqueIdentifier>{4FC737F1-C7A5-4376-A066-2A32D752A2FF}</UniqueIdentifier>
      <Extensions>cpp;c;cxx;def;odl;idl;hpj;bat;asm;asmx</Extensions>
    </Filter>
    <Filter Include="Header Files">
      <UniqueIdentifier>{93995380-89BD-4b04-88EB-625FBE52EBFB}</UniqueIdentifier>
      <Extensions>h;hpp;hxx;hm;inl;inc;xsd</Extensions>
    </Filter>
    <Filter Include="Resource Files">
      <UniqueIdentifier>{67DA6AB6-F800-4c08-8B7A-83BB121AAD01}</UniqueIdentifier>
      <Extensions>rc;ico;cur;bmp;dlg;rc2;rct;bin;rgs;gif;jpg;jpeg;jpe;resx</Extensions>
    </Filter>
  </ItemGroup>
  <ItemGroup>
    <ClCompile Include="_PyDbgEng\DebugAdvanced.cpp">
      <Filter>Source Files</Filter>
    </ClCompile>
    <ClCompile Include="_PyDbgEng\DebugClient.cpp">
      <Filter>Source Files</Filter>
    </ClCompile>
    <ClCompile Include="_PyDbgEng\DebugControl.cpp">
      <Filter>Source Files</Filter>
    </ClCompile>
    <ClCompile Include="_PyDbgEng\DebugDataSpaces.cpp">
      <Filter>Source Files</Filter>
    </ClCompile>
    <ClCompile Include="_PyDbgEng\DebugEngine.cpp">
      <Filter>Source Files</Filter>
    </ClCompile>
    <ClCompile Include="_PyDbgEng\DebugObject.cpp">
      <Filter>Source Files</Filter>
    </ClCompile>
    <ClCompile Include="_PyDbgEng\DebugOutput.cpp">
      <Filter>Source Files</Filter>
    </ClCompile>
    <ClCompile Include="_PyDbgEng\DebugRegisters.cpp">
      <Filter>Source Files</Filter>
    </ClCompile>
    <ClCompile Include="_PyDbgEng\DebugSymbols.cpp">
      <Filter>Source Files</Filter>
    </ClCompile>
    <ClCompile Include="_PyDbgEng\DebugSystemObjects.cpp">
      <Filter>Source Files</Filter>
    </ClCompile>
    <ClCompile Include="_PyDbgEng\PythonHelper.cpp">
      <Filter>Source Files</Filter>
    </ClCompile>
    <ClCompile Include="_PyDbgEng\stdafx.cpp">
      <Filter>Source Files</Filter>
    </ClCompile>
  </ItemGroup>
  <ItemGroup>
    <ClInclude Include="_PyDbgEng\DebugAdvanced.h">
      <Filter>Header Files</Filter>
    </ClInclude>
    <ClInclude Include="_PyDbgEng\DebugClient.h">
      <Filter>Header Files</Filter>
    </ClInclude>
    <ClInclude Include="_PyDbgEng\DebugControl.h">
      <Filter>Header Files</Filter>
    </ClInclude>
    <ClInclude Include="_PyDbgEng\DebugDataSpaces.h">
      <Filter>Header Files</Filter>
    </ClInclude>
    <ClInclude Include="_PyDbgEng\DebugEngine.h">
      <Filter>Header Files</Filter>
    </ClInclude>
    <ClInclude Include="_PyDbgEng\DebugObject.h">
      <Filter>Header Files</Filter>
    </ClInclude>
    <ClInclude Include="_PyDbgEng\DebugOutput.h">
      <Filter>Header Files</Filter>
    </ClInclude>
    <ClInclude Include="_PyDbgEng\DebugRegisters.h">
      <Filter>Header Files</Filter>
    </ClInclude>
    <ClInclude Include="_PyDbgEng\DebugSymbols.h">
      <Filter>Header Files</Filter>
    </ClInclude>
    <ClInclude Include="_PyDbgEng\DebugSystemObjects.h">
      <Filter>Header Files</Filter>
    </ClInclude>
    <ClInclude Include="_PyDbgEng\PythonHelper.h">
      <Filter>Header Files</Filter>
    </ClInclude>
    <ClInclude Include="_PyDbgEng\resource.h">
      <Filter>Header Files</Filter>
    </ClInclude>
    <ClInclude Include="_PyDbgEng\stdafx.h">
      <Filter>Header Files</Filter>
    </ClInclude>
  </ItemGroup>
  <ItemGroup>
    <ResourceCompile Include="_PyDbgEng\_PyDbgEng.rc">
      <Filter>Resource Files</Filter>
    </ResourceCompile>
  </ItemGroup>
  <ItemGroup>
    <None Include="$(SolutionDir)Modules\windbg\kldbgdrv.sys" />
    <None Include="_PyDbgEng\_PyDbgEng.def">
      <Filter>Source Files</Filter>
    </None>
  </ItemGroup>
  <ItemGroup>
    <Manifest Include="_PyDbgEng\_PyDbgEng.pyd.manifest" />
  </ItemGroup>
</Project>